// !$*UTF8*$!
{
	archiveVersion = 1;
	classes = {
	};
	objectVersion = 77;
	objects = {

/* Begin PBXBuildFile section */
		769C246C2D9739CC00132116 /* A2_iOS_onat_turan_StudentID.xcdatamodeld in Resources */ = {isa = PBXBuildFile; fileRef = 769C246B2D9739B900132116 /* A2_iOS_onat_turan_StudentID.xcdatamodeld */; };
		769C246E2D973A2500132116 /* A2_iOS_onat_turan_StudentIDApp.swift in Sources */ = {isa = PBXBuildFile; fileRef = 769C246D2D973A2100132116 /* A2_iOS_onat_turan_StudentIDApp.swift */; };
		769C24702D973F7C00132116 /* Product.swift in Sources */ = {isa = PBXBuildFile; fileRef = 769C246F2D973F7800132116 /* Product.swift */; };
/* End PBXBuildFile section */

/* Begin PBXContainerItemProxy section */
		769C244F2D97394500132116 /* PBXContainerItemProxy */ = {
			isa = PBXContainerItemProxy;
			containerPortal = 769C24332D97394100132116 /* Project object */;
			proxyType = 1;
			remoteGlobalIDString = 769C243A2D97394100132116;
			remoteInfo = A2_iOS_onat_turan_StudentID;
		};
		769C24592D97394500132116 /* PBXContainerItemProxy */ = {
			isa = PBXContainerItemProxy;
			containerPortal = 769C24332D97394100132116 /* Project object */;
			proxyType = 1;
			remoteGlobalIDString = 769C243A2D97394100132116;
			remoteInfo = A2_iOS_onat_turan_StudentID;
		};
/* End PBXContainerItemProxy section */

/* Begin PBXFileReference section */
		769C243B2D97394100132116 /* A2_iOS_onat_turan_StudentID.app */ = {isa = PBXFileReference; explicitFileType = wrapper.application; includeInIndex = 0; path = A2_iOS_onat_turan_StudentID.app; sourceTree = BUILT_PRODUCTS_DIR; };
		769C244E2D97394500132116 /* A2_iOS_onat_turan_StudentIDTests.xctest */ = {isa = PBXFileReference; explicitFileType = wrapper.cfbundle; includeInIndex = 0; path = A2_iOS_onat_turan_StudentIDTests.xctest; sourceTree = BUILT_PRODUCTS_DIR; };
		769C24582D97394500132116 /* A2_iOS_onat_turan_StudentIDUITests.xctest */ = {isa = PBXFileReference; explicitFileType = wrapper.cfbundle; includeInIndex = 0; path = A2_iOS_onat_turan_StudentIDUITests.xctest; sourceTree = BUILT_PRODUCTS_DIR; };
		769C246B2D9739B900132116 /* A2_iOS_onat_turan_StudentID.xcdatamodeld */ = {isa = PBXFileReference; lastKnownFileType = text; path = A2_iOS_onat_turan_StudentID.xcdatamodeld; sourceTree = "<group>"; };
		769C246D2D973A2100132116 /* A2_iOS_onat_turan_StudentIDApp.swift */ = {isa = PBXFileReference; lastKnownFileType = sourcecode.swift; path = A2_iOS_onat_turan_StudentIDApp.swift; sourceTree = "<group>"; };
		769C246F2D973F7800132116 /* Product.swift */ = {isa = PBXFileReference; lastKnownFileType = sourcecode.swift; path = Product.swift; sourceTree = "<group>"; };
/* End PBXFileReference section */

/* Begin PBXFileSystemSynchronizedRootGroup section */
		769C243D2D97394100132116 /* A2_iOS_onat_turan_StudentID */ = {
			isa = PBXFileSystemSynchronizedRootGroup;
			path = A2_iOS_onat_turan_StudentID;
			sourceTree = "<group>";
		};
		769C24512D97394500132116 /* A2_iOS_onat_turan_StudentIDTests */ = {
			isa = PBXFileSystemSynchronizedRootGroup;
			path = A2_iOS_onat_turan_StudentIDTests;
			sourceTree = "<group>";
		};
		769C245B2D97394500132116 /* A2_iOS_onat_turan_StudentIDUITests */ = {
			isa = PBXFileSystemSynchronizedRootGroup;
			path = A2_iOS_onat_turan_StudentIDUITests;
			sourceTree = "<group>";
		};
/* End PBXFileSystemSynchronizedRootGroup section */

/* Begin PBXFrameworksBuildPhase section */
		769C24382D97394100132116 /* Frameworks */ = {
			isa = PBXFrameworksBuildPhase;
			buildActionMask = 2147483647;
			files = (
			);
			runOnlyForDeploymentPostprocessing = 0;
		};
		769C244B2D97394500132116 /* Frameworks */ = {
			isa = PBXFrameworksBuildPhase;
			buildActionMask = 2147483647;
			files = (
			);
			runOnlyForDeploymentPostprocessing = 0;
		};
		769C24552D97394500132116 /* Frameworks */ = {
			isa = PBXFrameworksBuildPhase;
			buildActionMask = 2147483647;
			files = (
			);
			runOnlyForDeploymentPostprocessing = 0;
		};
/* End PBXFrameworksBuildPhase section */

/* Begin PBXGroup section */
		769C24322D97394100132116 = {
			isa = PBXGroup;
			children = (
				769C246F2D973F7800132116 /* Product.swift */,
				769C246D2D973A2100132116 /* A2_iOS_onat_turan_StudentIDApp.swift */,
				769C246B2D9739B900132116 /* A2_iOS_onat_turan_StudentID.xcdatamodeld */,
				769C243D2D97394100132116 /* A2_iOS_onat_turan_StudentID */,
				769C24512D97394500132116 /* A2_iOS_onat_turan_StudentIDTests */,
				769C245B2D97394500132116 /* A2_iOS_onat_turan_StudentIDUITests */,
				769C243C2D97394100132116 /* Products */,
			);
			sourceTree = "<group>";
		};
		769C243C2D97394100132116 /* Products */ = {
			isa = PBXGroup;
			children = (
				769C243B2D97394100132116 /* A2_iOS_onat_turan_StudentID.app */,
				769C244E2D97394500132116 /* A2_iOS_onat_turan_StudentIDTests.xctest */,
				769C24582D97394500132116 /* A2_iOS_onat_turan_StudentIDUITests.xctest */,
			);
			name = Products;
			sourceTree = "<group>";
		};
/* End PBXGroup section */

/* Begin PBXNativeTarget section */
		769C243A2D97394100132116 /* A2_iOS_onat_turan_StudentID */ = {
			isa = PBXNativeTarget;
			buildConfigurationList = 769C24622D97394600132116 /* Build configuration list for PBXNativeTarget "A2_iOS_onat_turan_StudentID" */;
			buildPhases = (
				769C24372D97394100132116 /* Sources */,
				769C24382D97394100132116 /* Frameworks */,
				769C24392D97394100132116 /* Resources */,
			);
			buildRules = (
			);
			dependencies = (
			);
			fileSystemSynchronizedGroups = (
				769C243D2D97394100132116 /* A2_iOS_onat_turan_StudentID */,
			);
			name = A2_iOS_onat_turan_StudentID;
			packageProductDependencies = (
			);
			productName = A2_iOS_onat_turan_StudentID;
			productReference = 769C243B2D97394100132116 /* A2_iOS_onat_turan_StudentID.app */;
			productType = "com.apple.product-type.application";
		};
		769C244D2D97394500132116 /* A2_iOS_onat_turan_StudentIDTests */ = {
			isa = PBXNativeTarget;
			buildConfigurationList = 769C24652D97394600132116 /* Build configuration list for PBXNativeTarget "A2_iOS_onat_turan_StudentIDTests" */;
			buildPhases = (
				769C244A2D97394500132116 /* Sources */,
				769C244B2D97394500132116 /* Frameworks */,
				769C244C2D97394500132116 /* Resources */,
			);
			buildRules = (
			);
			dependencies = (
				769C24502D97394500132116 /* PBXTargetDependency */,
			);
			fileSystemSynchronizedGroups = (
				769C24512D97394500132116 /* A2_iOS_onat_turan_StudentIDTests */,
			);
			name = A2_iOS_onat_turan_StudentIDTests;
			packageProductDependencies = (
			);
			productName = A2_iOS_onat_turan_StudentIDTests;
			productReference = 769C244E2D97394500132116 /* A2_iOS_onat_turan_StudentIDTests.xctest */;
			productType = "com.apple.product-type.bundle.unit-test";
		};
		769C24572D97394500132116 /* A2_iOS_onat_turan_StudentIDUITests */ = {
			isa = PBXNativeTarget;
			buildConfigurationList = 769C24682D97394600132116 /* Build configuration list for PBXNativeTarget "A2_iOS_onat_turan_StudentIDUITests" */;
			buildPhases = (
				769C24542D97394500132116 /* Sources */,
				769C24552D97394500132116 /* Frameworks */,
				769C24562D97394500132116 /* Resources */,
			);
			buildRules = (
			);
			dependencies = (
				769C245A2D97394500132116 /* PBXTargetDependency */,
			);
			fileSystemSynchronizedGroups = (
				769C245B2D97394500132116 /* A2_iOS_onat_turan_StudentIDUITests */,
			);
			name = A2_iOS_onat_turan_StudentIDUITests;
			packageProductDependencies = (
			);
			productName = A2_iOS_onat_turan_StudentIDUITests;
			productReference = 769C24582D97394500132116 /* A2_iOS_onat_turan_StudentIDUITests.xctest */;
			productType = "com.apple.product-type.bundle.ui-testing";
		};
/* End PBXNativeTarget section */

/* Begin PBXProject section */
		769C24332D97394100132116 /* Project object */ = {
			isa = PBXProject;
			attributes = {
				BuildIndependentTargetsInParallel = 1;
				LastSwiftUpdateCheck = 1620;
				LastUpgradeCheck = 1620;
				TargetAttributes = {
					769C243A2D97394100132116 = {
						CreatedOnToolsVersion = 16.2;
					};
					769C244D2D97394500132116 = {
						CreatedOnToolsVersion = 16.2;
						TestTargetID = 769C243A2D97394100132116;
					};
					769C24572D97394500132116 = {
						CreatedOnToolsVersion = 16.2;
						TestTargetID = 769C243A2D97394100132116;
					};
				};
			};
			buildConfigurationList = 769C24362D97394100132116 /* Build configuration list for PBXProject "A2_iOS_onat_turan_StudentID" */;
			developmentRegion = en;
			hasScannedForEncodings = 0;
			knownRegions = (
				en,
				Base,
			);
			mainGroup = 769C24322D97394100132116;
			minimizedProjectReferenceProxies = 1;
			preferredProjectObjectVersion = 77;
			productRefGroup = 769C243C2D97394100132116 /* Products */;
			projectDirPath = "";
			projectRoot = "";
			targets = (
				769C243A2D97394100132116 /* A2_iOS_onat_turan_StudentID */,
				769C244D2D97394500132116 /* A2_iOS_onat_turan_StudentIDTests */,
				769C24572D97394500132116 /* A2_iOS_onat_turan_StudentIDUITests */,
			);
		};
/* End PBXProject section */

/* Begin PBXResourcesBuildPhase section */
		769C24392D97394100132116 /* Resources */ = {
			isa = PBXResourcesBuildPhase;
			buildActionMask = 2147483647;
			files = (
				769C246C2D9739CC00132116 /* A2_iOS_onat_turan_StudentID.xcdatamodeld in Resources */,
			);
			runOnlyForDeploymentPostprocessing = 0;
		};
		769C244C2D97394500132116 /* Resources */ = {
			isa = PBXResourcesBuildPhase;
			buildActionMask = 2147483647;
			files = (
			);
			runOnlyForDeploymentPostprocessing = 0;
		};
		769C24562D97394500132116 /* Resources */ = {
			isa = PBXResourcesBuildPhase;
			buildActionMask = 2147483647;
			files = (
			);
			runOnlyForDeploymentPostprocessing = 0;
		};
/* End PBXResourcesBuildPhase section */

/* Begin PBXSourcesBuildPhase section */
		769C24372D97394100132116 /* Sources */ = {
			isa = PBXSourcesBuildPhase;
			buildActionMask = 2147483647;
			files = (
				769C24702D973F7C00132116 /* Product.swift in Sources */,
				769C246E2D973A2500132116 /* A2_iOS_onat_turan_StudentIDApp.swift in Sources */,
			);
			runOnlyForDeploymentPostprocessing = 0;
		};
		769C244A2D97394500132116 /* Sources */ = {
			isa = PBXSourcesBuildPhase;
			buildActionMask = 2147483647;
			files = (
			);
			runOnlyForDeploymentPostprocessing = 0;
		};
		769C24542D97394500132116 /* Sources */ = {
			isa = PBXSourcesBuildPhase;
			buildActionMask = 2147483647;
			files = (
			);
			runOnlyForDeploymentPostprocessing = 0;
		};
/* End PBXSourcesBuildPhase section */

/* Begin PBXTargetDependency section */
		769C24502D97394500132116 /* PBXTargetDependency */ = {
			isa = PBXTargetDependency;
			target = 769C243A2D97394100132116 /* A2_iOS_onat_turan_StudentID */;
			targetProxy = 769C244F2D97394500132116 /* PBXContainerItemProxy */;
		};
		769C245A2D97394500132116 /* PBXTargetDependency */ = {
			isa = PBXTargetDependency;
			target = 769C243A2D97394100132116 /* A2_iOS_onat_turan_StudentID */;
			targetProxy = 769C24592D97394500132116 /* PBXContainerItemProxy */;
		};
/* End PBXTargetDependency section */

/* Begin XCBuildConfiguration section */
		769C24602D97394600132116 /* Debug */ = {
			isa = XCBuildConfiguration;
			buildSettings = {
				ALWAYS_SEARCH_USER_PATHS = NO;
				ASSETCATALOG_COMPILER_GENERATE_SWIFT_ASSET_SYMBOL_EXTENSIONS = YES;
				CLANG_ANALYZER_NONNULL = YES;
				CLANG_ANALYZER_NUMBER_OBJECT_CONVERSION = YES_AGGRESSIVE;
				CLANG_CXX_LANGUAGE_STANDARD = "gnu++20";
				CLANG_ENABLE_MODULES = YES;
				CLANG_ENABLE_OBJC_ARC = YES;
				CLANG_ENABLE_OBJC_WEAK = YES;
				CLANG_WARN_BLOCK_CAPTURE_AUTORELEASING = YES;
				CLANG_WARN_BOOL_CONVERSION = YES;
				CLANG_WARN_COMMA = YES;
				CLANG_WARN_CONSTANT_CONVERSION = YES;
				CLANG_WARN_DEPRECATED_OBJC_IMPLEMENTATIONS = YES;
				CLANG_WARN_DIRECT_OBJC_ISA_USAGE = YES_ERROR;
				CLANG_WARN_DOCUMENTATION_COMMENTS = YES;
				CLANG_WARN_EMPTY_BODY = YES;
				CLANG_WARN_ENUM_CONVERSION = YES;
				CLANG_WARN_INFINITE_RECURSION = YES;
				CLANG_WARN_INT_CONVERSION = YES;
				CLANG_WARN_NON_LITERAL_NULL_CONVERSION = YES;
				CLANG_WARN_OBJC_IMPLICIT_RETAIN_SELF = YES;
				CLANG_WARN_OBJC_LITERAL_CONVERSION = YES;
				CLANG_WARN_OBJC_ROOT_CLASS = YES_ERROR;
				CLANG_WARN_QUOTED_INCLUDE_IN_FRAMEWORK_HEADER = YES;
				CLANG_WARN_RANGE_LOOP_ANALYSIS = YES;
				CLANG_WARN_STRICT_PROTOTYPES = YES;
				CLANG_WARN_SUSPICIOUS_MOVE = YES;
				CLANG_WARN_UNGUARDED_AVAILABILITY = YES_AGGRESSIVE;
				CLANG_WARN_UNREACHABLE_CODE = YES;
				CLANG_WARN__DUPLICATE_METHOD_MATCH = YES;
				COPY_PHASE_STRIP = NO;
				DEBUG_INFORMATION_FORMAT = dwarf;
				ENABLE_STRICT_OBJC_MSGSEND = YES;
				ENABLE_TESTABILITY = YES;
				ENABLE_USER_SCRIPT_SANDBOXING = YES;
				GCC_C_LANGUAGE_STANDARD = gnu17;
				GCC_DYNAMIC_NO_PIC = NO;
				GCC_NO_COMMON_BLOCKS = YES;
				GCC_OPTIMIZATION_LEVEL = 0;
				GCC_PREPROCESSOR_DEFINITIONS = (
					"DEBUG=1",
					"$(inherited)",
				);
				GCC_WARN_64_TO_32_BIT_CONVERSION = YES;
				GCC_WARN_ABOUT_RETURN_TYPE = YES_ERROR;
				GCC_WARN_UNDECLARED_SELECTOR = YES;
				GCC_WARN_UNINITIALIZED_AUTOS = YES_AGGRESSIVE;
				GCC_WARN_UNUSED_FUNCTION = YES;
				GCC_WARN_UNUSED_VARIABLE = YES;
				LOCALIZATION_PREFERS_STRING_CATALOGS = YES;
				MTL_ENABLE_DEBUG_INFO = INCLUDE_SOURCE;
				MTL_FAST_MATH = YES;
				ONLY_ACTIVE_ARCH = YES;
				SWIFT_ACTIVE_COMPILATION_CONDITIONS = "DEBUG $(inherited)";
				SWIFT_OPTIMIZATION_LEVEL = "-Onone";
			};
			name = Debug;
		};
		769C24612D97394600132116 /* Release */ = {
			isa = XCBuildConfiguration;
			buildSettings = {
				ALWAYS_SEARCH_USER_PATHS = NO;
				ASSETCATALOG_COMPILER_GENERATE_SWIFT_ASSET_SYMBOL_EXTENSIONS = YES;
				CLANG_ANALYZER_NONNULL = YES;
				CLANG_ANALYZER_NUMBER_OBJECT_CONVERSION = YES_AGGRESSIVE;
				CLANG_CXX_LANGUAGE_STANDARD = "gnu++20";
				CLANG_ENABLE_MODULES = YES;
				CLANG_ENABLE_OBJC_ARC = YES;
				CLANG_ENABLE_OBJC_WEAK = YES;
				CLANG_WARN_BLOCK_CAPTURE_AUTORELEASING = YES;
				CLANG_WARN_BOOL_CONVERSION = YES;
				CLANG_WARN_COMMA = YES;
				CLANG_WARN_CONSTANT_CONVERSION = YES;
				CLANG_WARN_DEPRECATED_OBJC_IMPLEMENTATIONS = YES;
				CLANG_WARN_DIRECT_OBJC_ISA_USAGE = YES_ERROR;
				CLANG_WARN_DOCUMENTATION_COMMENTS = YES;
				CLANG_WARN_EMPTY_BODY = YES;
				CLANG_WARN_ENUM_CONVERSION = YES;
				CLANG_WARN_INFINITE_RECURSION = YES;
				CLANG_WARN_INT_CONVERSION = YES;
				CLANG_WARN_NON_LITERAL_NULL_CONVERSION = YES;
				CLANG_WARN_OBJC_IMPLICIT_RETAIN_SELF = YES;
				CLANG_WARN_OBJC_LITERAL_CONVERSION = YES;
				CLANG_WARN_OBJC_ROOT_CLASS = YES_ERROR;
				CLANG_WARN_QUOTED_INCLUDE_IN_FRAMEWORK_HEADER = YES;
				CLANG_WARN_RANGE_LOOP_ANALYSIS = YES;
				CLANG_WARN_STRICT_PROTOTYPES = YES;
				CLANG_WARN_SUSPICIOUS_MOVE = YES;
				CLANG_WARN_UNGUARDED_AVAILABILITY = YES_AGGRESSIVE;
				CLANG_WARN_UNREACHABLE_CODE = YES;
				CLANG_WARN__DUPLICATE_METHOD_MATCH = YES;
				COPY_PHASE_STRIP = NO;
				DEBUG_INFORMATION_FORMAT = "dwarf-with-dsym";
				ENABLE_NS_ASSERTIONS = NO;
				ENABLE_STRICT_OBJC_MSGSEND = YES;
				ENABLE_USER_SCRIPT_SANDBOXING = YES;
				GCC_C_LANGUAGE_STANDARD = gnu17;
				GCC_NO_COMMON_BLOCKS = YES;
				GCC_WARN_64_TO_32_BIT_CONVERSION = YES;
				GCC_WARN_ABOUT_RETURN_TYPE = YES_ERROR;
				GCC_WARN_UNDECLARED_SELECTOR = YES;
				GCC_WARN_UNINITIALIZED_AUTOS = YES_AGGRESSIVE;
				GCC_WARN_UNUSED_FUNCTION = YES;
				GCC_WARN_UNUSED_VARIABLE = YES;
				LOCALIZATION_PREFERS_STRING_CATALOGS = YES;
				MTL_ENABLE_DEBUG_INFO = NO;
				MTL_FAST_MATH = YES;
				SWIFT_COMPILATION_MODE = wholemodule;
			};
			name = Release;
		};
		769C24632D97394600132116 /* Debug */ = {
			isa = XCBuildConfiguration;
			buildSettings = {
				ASSETCATALOG_COMPILER_APPICON_NAME = AppIcon;
				ASSETCATALOG_COMPILER_GLOBAL_ACCENT_COLOR_NAME = AccentColor;
				CODE_SIGN_ENTITLEMENTS = A2_iOS_onat_turan_StudentID/A2_iOS_onat_turan_StudentID.entitlements;
				CODE_SIGN_STYLE = Automatic;
				CURRENT_PROJECT_VERSION = 1;
				DEVELOPMENT_ASSET_PATHS = "\"A2_iOS_onat_turan_StudentID/Preview Content\"";
				DEVELOPMENT_TEAM = W45S56ACPV;
				ENABLE_HARDENED_RUNTIME = YES;
				ENABLE_PREVIEWS = YES;
				GENERATE_INFOPLIST_FILE = YES;
				"INFOPLIST_KEY_UIApplicationSceneManifest_Generation[sdk=iphoneos*]" = YES;
				"INFOPLIST_KEY_UIApplicationSceneManifest_Generation[sdk=iphonesimulator*]" = YES;
				"INFOPLIST_KEY_UIApplicationSupportsIndirectInputEvents[sdk=iphoneos*]" = YES;
				"INFOPLIST_KEY_UIApplicationSupportsIndirectInputEvents[sdk=iphonesimulator*]" = YES;
				"INFOPLIST_KEY_UILaunchScreen_Generation[sdk=iphoneos*]" = YES;
				"INFOPLIST_KEY_UILaunchScreen_Generation[sdk=iphonesimulator*]" = YES;
				"INFOPLIST_KEY_UIStatusBarStyle[sdk=iphoneos*]" = UIStatusBarStyleDefault;
				"INFOPLIST_KEY_UIStatusBarStyle[sdk=iphonesimulator*]" = UIStatusBarStyleDefault;
				INFOPLIST_KEY_UISupportedInterfaceOrientations_iPad = "UIInterfaceOrientationPortrait UIInterfaceOrientationPortraitUpsideDown UIInterfaceOrientationLandscapeLeft UIInterfaceOrientationLandscapeRight";
				INFOPLIST_KEY_UISupportedInterfaceOrientations_iPhone = "UIInterfaceOrientationPortrait UIInterfaceOrientationLandscapeLeft UIInterfaceOrientationLandscapeRight";
				IPHONEOS_DEPLOYMENT_TARGET = 18.2;
				LD_RUNPATH_SEARCH_PATHS = "@executable_path/Frameworks";
				"LD_RUNPATH_SEARCH_PATHS[sdk=macosx*]" = "@executable_path/../Frameworks";
				MACOSX_DEPLOYMENT_TARGET = 14.0;
				MARKETING_VERSION = 1.0;
				PRODUCT_BUNDLE_IDENTIFIER = "com.Oscar.A2-iOS-onat-turan-StudentID";
				PRODUCT_NAME = "$(TARGET_NAME)";
				SDKROOT = auto;
				SUPPORTED_PLATFORMS = "iphoneos iphonesimulator macosx xros xrsimulator";
				SWIFT_EMIT_LOC_STRINGS = YES;
				SWIFT_VERSION = 5.0;
				TARGETED_DEVICE_FAMILY = "1,2,7";
				XROS_DEPLOYMENT_TARGET = 2.2;
			};
			name = Debug;
		};
		769C24642D97394600132116 /* Release */ = {
			isa = XCBuildConfiguration;
			buildSettings = {
				ASSETCATALOG_COMPILER_APPICON_NAME = AppIcon;
				ASSETCATALOG_COMPILER_GLOBAL_ACCENT_COLOR_NAME = AccentColor;
				CODE_SIGN_ENTITLEMENTS = A2_iOS_onat_turan_StudentID/A2_iOS_onat_turan_StudentID.entitlements;
				CODE_SIGN_STYLE = Automatic;
				CURRENT_PROJECT_VERSION = 1;
				DEVELOPMENT_ASSET_PATHS = "\"A2_iOS_onat_turan_StudentID/Preview Content\"";
				DEVELOPMENT_TEAM = W45S56ACPV;
				ENABLE_HARDENED_RUNTIME = YES;
				ENABLE_PREVIEWS = YES;
				GENERATE_INFOPLIST_FILE = YES;
				"INFOPLIST_KEY_UIApplicationSceneManifest_Generation[sdk=iphoneos*]" = YES;
				"INFOPLIST_KEY_UIApplicationSceneManifest_Generation[sdk=iphonesimulator*]" = YES;
				"INFOPLIST_KEY_UIApplicationSupportsIndirectInputEvents[sdk=iphoneos*]" = YES;
				"INFOPLIST_KEY_UIApplicationSupportsIndirectInputEvents[sdk=iphonesimulator*]" = YES;
				"INFOPLIST_KEY_UILaunchScreen_Generation[sdk=iphoneos*]" = YES;
				"INFOPLIST_KEY_UILaunchScreen_Generation[sdk=iphonesimulator*]" = YES;
				"INFOPLIST_KEY_UIStatusBarStyle[sdk=iphoneos*]" = UIStatusBarStyleDefault;
				"INFOPLIST_KEY_UIStatusBarStyle[sdk=iphonesimulator*]" = UIStatusBarStyleDefault;
				INFOPLIST_KEY_UISupportedInterfaceOrientations_iPad = "UIInterfaceOrientationPortrait UIInterfaceOrientationPortraitUpsideDown UIInterfaceOrientationLandscapeLeft UIInterfaceOrientationLandscapeRight";
				INFOPLIST_KEY_UISupportedInterfaceOrientations_iPhone = "UIInterfaceOrientationPortrait UIInterfaceOrientationLandscapeLeft UIInterfaceOrientationLandscapeRight";
				IPHONEOS_DEPLOYMENT_TARGET = 18.2;
				LD_RUNPATH_SEARCH_PATHS = "@executable_path/Frameworks";
				"LD_RUNPATH_SEARCH_PATHS[sdk=macosx*]" = "@executable_path/../Frameworks";
				MACOSX_DEPLOYMENT_TARGET = 14.0;
				MARKETING_VERSION = 1.0;
				PRODUCT_BUNDLE_IDENTIFIER = "com.Oscar.A2-iOS-onat-turan-StudentID";
				PRODUCT_NAME = "$(TARGET_NAME)";
				SDKROOT = auto;
				SUPPORTED_PLATFORMS = "iphoneos iphonesimulator macosx xros xrsimulator";
				SWIFT_EMIT_LOC_STRINGS = YES;
				SWIFT_VERSION = 5.0;
				TARGETED_DEVICE_FAMILY = "1,2,7";
				XROS_DEPLOYMENT_TARGET = 2.2;
			};
			name = Release;
		};
		769C24662D97394600132116 /* Debug */ = {
			isa = XCBuildConfiguration;
			buildSettings = {
				BUNDLE_LOADER = "$(TEST_HOST)";
				CODE_SIGN_STYLE = Automatic;
				CURRENT_PROJECT_VERSION = 1;
				DEVELOPMENT_TEAM = W45S56ACPV;
				GENERATE_INFOPLIST_FILE = YES;
				IPHONEOS_DEPLOYMENT_TARGET = 18.2;
				MACOSX_DEPLOYMENT_TARGET = 14.6;
				MARKETING_VERSION = 1.0;
				PRODUCT_BUNDLE_IDENTIFIER = "com.Oscar.A2-iOS-onat-turan-StudentIDTests";
				PRODUCT_NAME = "$(TARGET_NAME)";
				SDKROOT = auto;
				SUPPORTED_PLATFORMS = "iphoneos iphonesimulator macosx xros xrsimulator";
				SWIFT_EMIT_LOC_STRINGS = NO;
				SWIFT_VERSION = 5.0;
				TARGETED_DEVICE_FAMILY = "1,2,7";
				TEST_HOST = "$(BUILT_PRODUCTS_DIR)/A2_iOS_onat_turan_StudentID.app/$(BUNDLE_EXECUTABLE_FOLDER_PATH)/A2_iOS_onat_turan_StudentID";
				XROS_DEPLOYMENT_TARGET = 2.2;
			};
			name = Debug;
		};
		769C24672D97394600132116 /* Release */ = {
			isa = XCBuildConfiguration;
			buildSettings = {
				BUNDLE_LOADER = "$(TEST_HOST)";
				CODE_SIGN_STYLE = Automatic;
				CURRENT_PROJECT_VERSION = 1;
				DEVELOPMENT_TEAM = W45S56ACPV;
				GENERATE_INFOPLIST_FILE = YES;
				IPHONEOS_DEPLOYMENT_TARGET = 18.2;
				MACOSX_DEPLOYMENT_TARGET = 14.6;
				MARKETING_VERSION = 1.0;
				PRODUCT_BUNDLE_IDENTIFIER = "com.Oscar.A2-iOS-onat-turan-StudentIDTests";
				PRODUCT_NAME = "$(TARGET_NAME)";
				SDKROOT = auto;
				SUPPORTED_PLATFORMS = "iphoneos iphonesimulator macosx xros xrsimulator";
				SWIFT_EMIT_LOC_STRINGS = NO;
				SWIFT_VERSION = 5.0;
				TARGETED_DEVICE_FAMILY = "1,2,7";
				TEST_HOST = "$(BUILT_PRODUCTS_DIR)/A2_iOS_onat_turan_StudentID.app/$(BUNDLE_EXECUTABLE_FOLDER_PATH)/A2_iOS_onat_turan_StudentID";
				XROS_DEPLOYMENT_TARGET = 2.2;
			};
			name = Release;
		};
		769C24692D97394600132116 /* Debug */ = {
			isa = XCBuildConfiguration;
			buildSettings = {
				CODE_SIGN_STYLE = Automatic;
				CURRENT_PROJECT_VERSION = 1;
				DEVELOPMENT_TEAM = W45S56ACPV;
				GENERATE_INFOPLIST_FILE = YES;
				IPHONEOS_DEPLOYMENT_TARGET = 18.2;
				MACOSX_DEPLOYMENT_TARGET = 14.6;
				MARKETING_VERSION = 1.0;
				PRODUCT_BUNDLE_IDENTIFIER = "com.Oscar.A2-iOS-onat-turan-StudentIDUITests";
				PRODUCT_NAME = "$(TARGET_NAME)";
				SDKROOT = auto;
				SUPPORTED_PLATFORMS = "iphoneos iphonesimulator macosx xros xrsimulator";
				SWIFT_EMIT_LOC_STRINGS = NO;
				SWIFT_VERSION = 5.0;
				TARGETED_DEVICE_FAMILY = "1,2,7";
				TEST_TARGET_NAME = A2_iOS_onat_turan_StudentID;
				XROS_DEPLOYMENT_TARGET = 2.2;
			};
			name = Debug;
		};
		769C246A2D97394600132116 /* Release */ = {
			isa = XCBuildConfiguration;
			buildSettings = {
				CODE_SIGN_STYLE = Automatic;
				CURRENT_PROJECT_VERSION = 1;
				DEVELOPMENT_TEAM = W45S56ACPV;
				GENERATE_INFOPLIST_FILE = YES;
				IPHONEOS_DEPLOYMENT_TARGET = 18.2;
				MACOSX_DEPLOYMENT_TARGET = 14.6;
				MARKETING_VERSION = 1.0;
				PRODUCT_BUNDLE_IDENTIFIER = "com.Oscar.A2-iOS-onat-turan-StudentIDUITests";
				PRODUCT_NAME = "$(TARGET_NAME)";
				SDKROOT = auto;
				SUPPORTED_PLATFORMS = "iphoneos iphonesimulator macosx xros xrsimulator";
				SWIFT_EMIT_LOC_STRINGS = NO;
				SWIFT_VERSION = 5.0;
				TARGETED_DEVICE_FAMILY = "1,2,7";
				TEST_TARGET_NAME = A2_iOS_onat_turan_StudentID;
				XROS_DEPLOYMENT_TARGET = 2.2;
			};
			name = Release;
		};
/* End XCBuildConfiguration section */

/* Begin XCConfigurationList section */
		769C24362D97394100132116 /* Build configuration list for PBXProject "A2_iOS_onat_turan_StudentID" */ = {
			isa = XCConfigurationList;
			buildConfigurations = (
				769C24602D97394600132116 /* Debug */,
				769C24612D97394600132116 /* Release */,
			);
			defaultConfigurationIsVisible = 0;
			defaultConfigurationName = Release;
		};
		769C24622D97394600132116 /* Build configuration list for PBXNativeTarget "A2_iOS_onat_turan_StudentID" */ = {
			isa = XCConfigurationList;
			buildConfigurations = (
				769C24632D97394600132116 /* Debug */,
				769C24642D97394600132116 /* Release */,
			);
			defaultConfigurationIsVisible = 0;
			defaultConfigurationName = Release;
		};
		769C24652D97394600132116 /* Build configuration list for PBXNativeTarget "A2_iOS_onat_turan_StudentIDTests" */ = {
			isa = XCConfigurationList;
			buildConfigurations = (
				769C24662D97394600132116 /* Debug */,
				769C24672D97394600132116 /* Release */,
			);
			defaultConfigurationIsVisible = 0;
			defaultConfigurationName = Release;
		};
		769C24682D97394600132116 /* Build configuration list for PBXNativeTarget "A2_iOS_onat_turan_StudentIDUITests" */ = {
			isa = XCConfigurationList;
			buildConfigurations = (
				769C24692D97394600132116 /* Debug */,
				769C246A2D97394600132116 /* Release */,
			);
			defaultConfigurationIsVisible = 0;
			defaultConfigurationName = Release;
		};
/* End XCConfigurationList section */
	};
	rootObject = 769C24332D97394100132116 /* Project object */;
}
